
Microsoft Visual Studio Solution File, Format Version 12.00
# Visual Studio Version 16
VisualStudioVersion = 16.0.29709.97
MinimumVisualStudioVersion = 10.0.40219.1
Project("{888888A0-9F3D-457C-B088-3A5042F75D52}") = "DjangoWebProject1", "DjangoWebProject1.pyproj", "{353A4A2C-569D-4992-B3A7-B51F4A0F9C99}"
EndProject
Global
	GlobalSection(SolutionConfigurationPlatforms) = preSolution
		Debug|Any CPU = Debug|Any CPU
		Release|Any CPU = Release|Any CPU
	EndGlobalSection
	GlobalSection(ProjectConfigurationPlatforms) = postSolution
		{353A4A2C-569D-4992-B3A7-B51F4A0F9C99}.Debug|Any CPU.ActiveCfg = Debug|Any CPU
		{353A4A2C-569D-4992-B3A7-B51F4A0F9C99}.Debug|Any CPU.Build.0 = Debug|Any CPU
		{353A4A2C-569D-4992-B3A7-B51F4A0F9C99}.Release|Any CPU.ActiveCfg = Release|Any CPU
		{353A4A2C-569D-4992-B3A7-B51F4A0F9C99}.Release|Any CPU.Build.0 = Release|Any CPU
	EndGlobalSection
	GlobalSection(SolutionProperties) = preSolution
		HideSolutionNode = FALSE
	EndGlobalSection
	GlobalSection(ExtensibilityGlobals) = postSolution
		SolutionGuid = {5D4090D8-1D66-4E29-8DD9-A90DE56D4E97}
	EndGlobalSection
EndGlobal
